
Microsoft Visual Studio Solution File, Format Version 12.00
# Visual Studio Version 16
VisualStudioVersion = 16.0.30225.117
MinimumVisualStudioVersion = 10.0.40219.1
Project("{9A19103F-16F7-4668-BE54-9A1E7A4F7556}") = "DOMDemo", "DOMDemo\DOMDemo.csproj", "{476AD25F-D1A6-4B7D-9588-4DBCFB94ED48}"
EndProject
Project("{FAE04EC0-301F-11D3-BF4B-00C04F79EFBC}") = "TSDemo", "TSDemo\TSDemo.csproj", "{EE2FB281-6071-4311-AC65-B003604B487D}"
EndProject
Global
	GlobalSection(SolutionConfigurationPlatforms) = preSolution
		Debug|Any CPU = Debug|Any CPU
		Release|Any CPU = Release|Any CPU
	EndGlobalSection
	GlobalSection(ProjectConfigurationPlatforms) = postSolution
		{476AD25F-D1A6-4B7D-9588-4DBCFB94ED48}.Debug|Any CPU.ActiveCfg = Debug|Any CPU
		{476AD25F-D1A6-4B7D-9588-4DBCFB94ED48}.Debug|Any CPU.Build.0 = Debug|Any CPU
		{476AD25F-D1A6-4B7D-9588-4DBCFB94ED48}.Release|Any CPU.ActiveCfg = Release|Any CPU
		{476AD25F-D1A6-4B7D-9588-4DBCFB94ED48}.Release|Any CPU.Build.0 = Release|Any CPU
		{EE2FB281-6071-4311-AC65-B003604B487D}.Debug|Any CPU.ActiveCfg = Debug|Any CPU
		{EE2FB281-6071-4311-AC65-B003604B487D}.Debug|Any CPU.Build.0 = Debug|Any CPU
		{EE2FB281-6071-4311-AC65-B003604B487D}.Release|Any CPU.ActiveCfg = Release|Any CPU
		{EE2FB281-6071-4311-AC65-B003604B487D}.Release|Any CPU.Build.0 = Release|Any CPU
	EndGlobalSection
	GlobalSection(SolutionProperties) = preSolution
		HideSolutionNode = FALSE
	EndGlobalSection
	GlobalSection(ExtensibilityGlobals) = postSolution
		SolutionGuid = {1BF4FAB1-3F6F-430F-9AC9-48793C354B61}
	EndGlobalSection
EndGlobal
